// !$*UTF8*$!
{
	archiveVersion = 1;
	classes = {
	};
	objectVersion = 77;
	objects = {

/* Begin PBXBuildFile section */
		D16730F32D74C3A500F0DA94 /* GoogleService-Info (1).plist in Resources */ = {isa = PBXBuildFile; fileRef = D16730F22D74C3A500F0DA94 /* GoogleService-Info (1).plist */; };
		D16730F62D74C4D900F0DA94 /* FirebaseAuth in Frameworks */ = {isa = PBXBuildFile; productRef = D16730F52D74C4D900F0DA94 /* FirebaseAuth */; };
		D16730F82D74C4D900F0DA94 /* FirebaseFirestore in Frameworks */ = {isa = PBXBuildFile; productRef = D16730F72D74C4D900F0DA94 /* FirebaseFirestore */; };
		D16730FA2D74C4D900F0DA94 /* FirebaseStorage in Frameworks */ = {isa = PBXBuildFile; productRef = D16730F92D74C4D900F0DA94 /* FirebaseStorage */; };
/* End PBXBuildFile section */

/* Begin PBXContainerItemProxy section */
		D1EEC13E2D6A324500EBDE33 /* PBXContainerItemProxy */ = {
			isa = PBXContainerItemProxy;
			containerPortal = D1EEC1252D6A324400EBDE33 /* Project object */;
			proxyType = 1;
			remoteGlobalIDString = D1EEC12C2D6A324400EBDE33;
			remoteInfo = ThreadsApp;
		};
		D1EEC1482D6A324500EBDE33 /* PBXContainerItemProxy */ = {
			isa = PBXContainerItemProxy;
			containerPortal = D1EEC1252D6A324400EBDE33 /* Project object */;
			proxyType = 1;
			remoteGlobalIDString = D1EEC12C2D6A324400EBDE33;
			remoteInfo = ThreadsApp;
		};
/* End PBXContainerItemProxy section */

/* Begin PBXFileReference section */
		D16730F22D74C3A500F0DA94 /* GoogleService-Info (1).plist */ = {isa = PBXFileReference; lastKnownFileType = text.plist.xml; path = "GoogleService-Info (1).plist"; sourceTree = "<group>"; };
		D1EEC12D2D6A324400EBDE33 /* ThreadsApp.app */ = {isa = PBXFileReference; explicitFileType = wrapper.application; includeInIndex = 0; path = ThreadsApp.app; sourceTree = BUILT_PRODUCTS_DIR; };
		D1EEC13D2D6A324500EBDE33 /* ThreadsAppTests.xctest */ = {isa = PBXFileReference; explicitFileType = wrapper.cfbundle; includeInIndex = 0; path = ThreadsAppTests.xctest; sourceTree = BUILT_PRODUCTS_DIR; };
		D1EEC1472D6A324500EBDE33 /* ThreadsAppUITests.xctest */ = {isa = PBXFileReference; explicitFileType = wrapper.cfbundle; includeInIndex = 0; path = ThreadsAppUITests.xctest; sourceTree = BUILT_PRODUCTS_DIR; };
/* End PBXFileReference section */

/* Begin PBXFileSystemSynchronizedRootGroup section */
		D1EEC12F2D6A324400EBDE33 /* ThreadsApp */ = {
			isa = PBXFileSystemSynchronizedRootGroup;
			path = ThreadsApp;
			sourceTree = "<group>";
		};
		D1EEC1402D6A324500EBDE33 /* ThreadsAppTests */ = {
			isa = PBXFileSystemSynchronizedRootGroup;
			path = ThreadsAppTests;
			sourceTree = "<group>";
		};
		D1EEC14A2D6A324500EBDE33 /* ThreadsAppUITests */ = {
			isa = PBXFileSystemSynchronizedRootGroup;
			path = ThreadsAppUITests;
			sourceTree = "<group>";
		};
/* End PBXFileSystemSynchronizedRootGroup section */

/* Begin PBXFrameworksBuildPhase section */
		D1EEC12A2D6A324400EBDE33 /* Frameworks */ = {
			isa = PBXFrameworksBuildPhase;
			buildActionMask = 2147483647;
			files = (
				D16730F62D74C4D900F0DA94 /* FirebaseAuth in Frameworks */,
				D16730F82D74C4D900F0DA94 /* FirebaseFirestore in Frameworks */,
				D16730FA2D74C4D900F0DA94 /* FirebaseStorage in Frameworks */,
			);
			runOnlyForDeploymentPostprocessing = 0;
		};
		D1EEC13A2D6A324500EBDE33 /* Frameworks */ = {
			isa = PBXFrameworksBuildPhase;
			buildActionMask = 2147483647;
			files = (
			);
			runOnlyForDeploymentPostprocessing = 0;
		};
		D1EEC1442D6A324500EBDE33 /* Frameworks */ = {
			isa = PBXFrameworksBuildPhase;
			buildActionMask = 2147483647;
			files = (
			);
			runOnlyForDeploymentPostprocessing = 0;
		};
/* End PBXFrameworksBuildPhase section */

/* Begin PBXGroup section */
		D1EEC1242D6A324400EBDE33 = {
			isa = PBXGroup;
			children = (
				D1EEC12F2D6A324400EBDE33 /* ThreadsApp */,
				D16730F22D74C3A500F0DA94 /* GoogleService-Info (1).plist */,
				D1EEC1402D6A324500EBDE33 /* ThreadsAppTests */,
				D1EEC14A2D6A324500EBDE33 /* ThreadsAppUITests */,
				D1EEC12E2D6A324400EBDE33 /* Products */,
			);
			sourceTree = "<group>";
		};
		D1EEC12E2D6A324400EBDE33 /* Products */ = {
			isa = PBXGroup;
			children = (
				D1EEC12D2D6A324400EBDE33 /* ThreadsApp.app */,
				D1EEC13D2D6A324500EBDE33 /* ThreadsAppTests.xctest */,
				D1EEC1472D6A324500EBDE33 /* ThreadsAppUITests.xctest */,
			);
			name = Products;
			sourceTree = "<group>";
		};
/* End PBXGroup section */

/* Begin PBXNativeTarget section */
		D1EEC12C2D6A324400EBDE33 /* ThreadsApp */ = {
			isa = PBXNativeTarget;
			buildConfigurationList = D1EEC1512D6A324500EBDE33 /* Build configuration list for PBXNativeTarget "ThreadsApp" */;
			buildPhases = (
				D1EEC1292D6A324400EBDE33 /* Sources */,
				D1EEC12A2D6A324400EBDE33 /* Frameworks */,
				D1EEC12B2D6A324400EBDE33 /* Resources */,
			);
			buildRules = (
			);
			dependencies = (
			);
			fileSystemSynchronizedGroups = (
				D1EEC12F2D6A324400EBDE33 /* ThreadsApp */,
			);
			name = ThreadsApp;
			packageProductDependencies = (
				D16730F52D74C4D900F0DA94 /* FirebaseAuth */,
				D16730F72D74C4D900F0DA94 /* FirebaseFirestore */,
				D16730F92D74C4D900F0DA94 /* FirebaseStorage */,
			);
			productName = ThreadsApp;
			productReference = D1EEC12D2D6A324400EBDE33 /* ThreadsApp.app */;
			productType = "com.apple.product-type.application";
		};
		D1EEC13C2D6A324500EBDE33 /* ThreadsAppTests */ = {
			isa = PBXNativeTarget;
			buildConfigurationList = D1EEC1542D6A324500EBDE33 /* Build configuration list for PBXNativeTarget "ThreadsAppTests" */;
			buildPhases = (
				D1EEC1392D6A324500EBDE33 /* Sources */,
				D1EEC13A2D6A324500EBDE33 /* Frameworks */,
				D1EEC13B2D6A324500EBDE33 /* Resources */,
			);
			buildRules = (
			);
			dependencies = (
				D1EEC13F2D6A324500EBDE33 /* PBXTargetDependency */,
			);
			fileSystemSynchronizedGroups = (
				D1EEC1402D6A324500EBDE33 /* ThreadsAppTests */,
			);
			name = ThreadsAppTests;
			packageProductDependencies = (
			);
			productName = ThreadsAppTests;
			productReference = D1EEC13D2D6A324500EBDE33 /* ThreadsAppTests.xctest */;
			productType = "com.apple.product-type.bundle.unit-test";
		};
		D1EEC1462D6A324500EBDE33 /* ThreadsAppUITests */ = {
			isa = PBXNativeTarget;
			buildConfigurationList = D1EEC1572D6A324500EBDE33 /* Build configuration list for PBXNativeTarget "ThreadsAppUITests" */;
			buildPhases = (
				D1EEC1432D6A324500EBDE33 /* Sources */,
				D1EEC1442D6A324500EBDE33 /* Frameworks */,
				D1EEC1452D6A324500EBDE33 /* Resources */,
			);
			buildRules = (
			);
			dependencies = (
				D1EEC1492D6A324500EBDE33 /* PBXTargetDependency */,
			);
			fileSystemSynchronizedGroups = (
				D1EEC14A2D6A324500EBDE33 /* ThreadsAppUITests */,
			);
			name = ThreadsAppUITests;
			packageProductDependencies = (
			);
			productName = ThreadsAppUITests;
			productReference = D1EEC1472D6A324500EBDE33 /* ThreadsAppUITests.xctest */;
			productType = "com.apple.product-type.bundle.ui-testing";
		};
/* End PBXNativeTarget section */

/* Begin PBXProject section */
		D1EEC1252D6A324400EBDE33 /* Project object */ = {
			isa = PBXProject;
			attributes = {
				BuildIndependentTargetsInParallel = 1;
				LastSwiftUpdateCheck = 1620;
				LastUpgradeCheck = 1620;
				TargetAttributes = {
					D1EEC12C2D6A324400EBDE33 = {
						CreatedOnToolsVersion = 16.2;
					};
					D1EEC13C2D6A324500EBDE33 = {
						CreatedOnToolsVersion = 16.2;
						TestTargetID = D1EEC12C2D6A324400EBDE33;
					};
					D1EEC1462D6A324500EBDE33 = {
						CreatedOnToolsVersion = 16.2;
						TestTargetID = D1EEC12C2D6A324400EBDE33;
					};
				};
			};
			buildConfigurationList = D1EEC1282D6A324400EBDE33 /* Build configuration list for PBXProject "ThreadsApp" */;
			developmentRegion = en;
			hasScannedForEncodings = 0;
			knownRegions = (
				en,
				Base,
			);
			mainGroup = D1EEC1242D6A324400EBDE33;
			minimizedProjectReferenceProxies = 1;
			packageReferences = (
				D16730F42D74C4D900F0DA94 /* XCRemoteSwiftPackageReference "firebase-ios-sdk" */,
			);
			preferredProjectObjectVersion = 77;
			productRefGroup = D1EEC12E2D6A324400EBDE33 /* Products */;
			projectDirPath = "";
			projectRoot = "";
			targets = (
				D1EEC12C2D6A324400EBDE33 /* ThreadsApp */,
				D1EEC13C2D6A324500EBDE33 /* ThreadsAppTests */,
				D1EEC1462D6A324500EBDE33 /* ThreadsAppUITests */,
			);
		};
/* End PBXProject section */

/* Begin PBXResourcesBuildPhase section */
		D1EEC12B2D6A324400EBDE33 /* Resources */ = {
			isa = PBXResourcesBuildPhase;
			buildActionMask = 2147483647;
			files = (
				D16730F32D74C3A500F0DA94 /* GoogleService-Info (1).plist in Resources */,
			);
			runOnlyForDeploymentPostprocessing = 0;
		};
		D1EEC13B2D6A324500EBDE33 /* Resources */ = {
			isa = PBXResourcesBuildPhase;
			buildActionMask = 2147483647;
			files = (
			);
			runOnlyForDeploymentPostprocessing = 0;
		};
		D1EEC1452D6A324500EBDE33 /* Resources */ = {
			isa = PBXResourcesBuildPhase;
			buildActionMask = 2147483647;
			files = (
			);
			runOnlyForDeploymentPostprocessing = 0;
		};
/* End PBXResourcesBuildPhase section */

/* Begin PBXSourcesBuildPhase section */
		D1EEC1292D6A324400EBDE33 /* Sources */ = {
			isa = PBXSourcesBuildPhase;
			buildActionMask = 2147483647;
			files = (
			);
			runOnlyForDeploymentPostprocessing = 0;
		};
		D1EEC1392D6A324500EBDE33 /* Sources */ = {
			isa = PBXSourcesBuildPhase;
			buildActionMask = 2147483647;
			files = (
			);
			runOnlyForDeploymentPostprocessing = 0;
		};
		D1EEC1432D6A324500EBDE33 /* Sources */ = {
			isa = PBXSourcesBuildPhase;
			buildActionMask = 2147483647;
			files = (
			);
			runOnlyForDeploymentPostprocessing = 0;
		};
/* End PBXSourcesBuildPhase section */

/* Begin PBXTargetDependency section */
		D1EEC13F2D6A324500EBDE33 /* PBXTargetDependency */ = {
			isa = PBXTargetDependency;
			target = D1EEC12C2D6A324400EBDE33 /* ThreadsApp */;
			targetProxy = D1EEC13E2D6A324500EBDE33 /* PBXContainerItemProxy */;
		};
		D1EEC1492D6A324500EBDE33 /* PBXTargetDependency */ = {
			isa = PBXTargetDependency;
			target = D1EEC12C2D6A324400EBDE33 /* ThreadsApp */;
			targetProxy = D1EEC1482D6A324500EBDE33 /* PBXContainerItemProxy */;
		};
/* End PBXTargetDependency section */

/* Begin XCBuildConfiguration section */
		D1EEC14F2D6A324500EBDE33 /* Debug */ = {
			isa = XCBuildConfiguration;
			buildSettings = {
				ALWAYS_SEARCH_USER_PATHS = NO;
				ASSETCATALOG_COMPILER_GENERATE_SWIFT_ASSET_SYMBOL_EXTENSIONS = YES;
				CLANG_ANALYZER_NONNULL = YES;
				CLANG_ANALYZER_NUMBER_OBJECT_CONVERSION = YES_AGGRESSIVE;
				CLANG_CXX_LANGUAGE_STANDARD = "gnu++20";
				CLANG_ENABLE_MODULES = YES;
				CLANG_ENABLE_OBJC_ARC = YES;
				CLANG_ENABLE_OBJC_WEAK = YES;
				CLANG_WARN_BLOCK_CAPTURE_AUTORELEASING = YES;
				CLANG_WARN_BOOL_CONVERSION = YES;
				CLANG_WARN_COMMA = YES;
				CLANG_WARN_CONSTANT_CONVERSION = YES;
				CLANG_WARN_DEPRECATED_OBJC_IMPLEMENTATIONS = YES;
				CLANG_WARN_DIRECT_OBJC_ISA_USAGE = YES_ERROR;
				CLANG_WARN_DOCUMENTATION_COMMENTS = YES;
				CLANG_WARN_EMPTY_BODY = YES;
				CLANG_WARN_ENUM_CONVERSION = YES;
				CLANG_WARN_INFINITE_RECURSION = YES;
				CLANG_WARN_INT_CONVERSION = YES;
				CLANG_WARN_NON_LITERAL_NULL_CONVERSION = YES;
				CLANG_WARN_OBJC_IMPLICIT_RETAIN_SELF = YES;
				CLANG_WARN_OBJC_LITERAL_CONVERSION = YES;
				CLANG_WARN_OBJC_ROOT_CLASS = YES_ERROR;
				CLANG_WARN_QUOTED_INCLUDE_IN_FRAMEWORK_HEADER = YES;
				CLANG_WARN_RANGE_LOOP_ANALYSIS = YES;
				CLANG_WARN_STRICT_PROTOTYPES = YES;
				CLANG_WARN_SUSPICIOUS_MOVE = YES;
				CLANG_WARN_UNGUARDED_AVAILABILITY = YES_AGGRESSIVE;
				CLANG_WARN_UNREACHABLE_CODE = YES;
				CLANG_WARN__DUPLICATE_METHOD_MATCH = YES;
				COPY_PHASE_STRIP = NO;
				DEBUG_INFORMATION_FORMAT = dwarf;
				ENABLE_STRICT_OBJC_MSGSEND = YES;
				ENABLE_TESTABILITY = YES;
				ENABLE_USER_SCRIPT_SANDBOXING = YES;
				GCC_C_LANGUAGE_STANDARD = gnu17;
				GCC_DYNAMIC_NO_PIC = NO;
				GCC_NO_COMMON_BLOCKS = YES;
				GCC_OPTIMIZATION_LEVEL = 0;
				GCC_PREPROCESSOR_DEFINITIONS = (
					"DEBUG=1",
					"$(inherited)",
				);
				GCC_WARN_64_TO_32_BIT_CONVERSION = YES;
				GCC_WARN_ABOUT_RETURN_TYPE = YES_ERROR;
				GCC_WARN_UNDECLARED_SELECTOR = YES;
				GCC_WARN_UNINITIALIZED_AUTOS = YES_AGGRESSIVE;
				GCC_WARN_UNUSED_FUNCTION = YES;
				GCC_WARN_UNUSED_VARIABLE = YES;
				IPHONEOS_DEPLOYMENT_TARGET = 18.2;
				LOCALIZATION_PREFERS_STRING_CATALOGS = YES;
				MTL_ENABLE_DEBUG_INFO = INCLUDE_SOURCE;
				MTL_FAST_MATH = YES;
				ONLY_ACTIVE_ARCH = YES;
				SDKROOT = iphoneos;
				SWIFT_ACTIVE_COMPILATION_CONDITIONS = "DEBUG $(inherited)";
				SWIFT_OPTIMIZATION_LEVEL = "-Onone";
			};
			name = Debug;
		};
		D1EEC1502D6A324500EBDE33 /* Release */ = {
			isa = XCBuildConfiguration;
			buildSettings = {
				ALWAYS_SEARCH_USER_PATHS = NO;
				ASSETCATALOG_COMPILER_GENERATE_SWIFT_ASSET_SYMBOL_EXTENSIONS = YES;
				CLANG_ANALYZER_NONNULL = YES;
				CLANG_ANALYZER_NUMBER_OBJECT_CONVERSION = YES_AGGRESSIVE;
				CLANG_CXX_LANGUAGE_STANDARD = "gnu++20";
				CLANG_ENABLE_MODULES = YES;
				CLANG_ENABLE_OBJC_ARC = YES;
				CLANG_ENABLE_OBJC_WEAK = YES;
				CLANG_WARN_BLOCK_CAPTURE_AUTORELEASING = YES;
				CLANG_WARN_BOOL_CONVERSION = YES;
				CLANG_WARN_COMMA = YES;
				CLANG_WARN_CONSTANT_CONVERSION = YES;
				CLANG_WARN_DEPRECATED_OBJC_IMPLEMENTATIONS = YES;
				CLANG_WARN_DIRECT_OBJC_ISA_USAGE = YES_ERROR;
				CLANG_WARN_DOCUMENTATION_COMMENTS = YES;
				CLANG_WARN_EMPTY_BODY = YES;
				CLANG_WARN_ENUM_CONVERSION = YES;
				CLANG_WARN_INFINITE_RECURSION = YES;
				CLANG_WARN_INT_CONVERSION = YES;
				CLANG_WARN_NON_LITERAL_NULL_CONVERSION = YES;
				CLANG_WARN_OBJC_IMPLICIT_RETAIN_SELF = YES;
				CLANG_WARN_OBJC_LITERAL_CONVERSION = YES;
				CLANG_WARN_OBJC_ROOT_CLASS = YES_ERROR;
				CLANG_WARN_QUOTED_INCLUDE_IN_FRAMEWORK_HEADER = YES;
				CLANG_WARN_RANGE_LOOP_ANALYSIS = YES;
				CLANG_WARN_STRICT_PROTOTYPES = YES;
				CLANG_WARN_SUSPICIOUS_MOVE = YES;
				CLANG_WARN_UNGUARDED_AVAILABILITY = YES_AGGRESSIVE;
				CLANG_WARN_UNREACHABLE_CODE = YES;
				CLANG_WARN__DUPLICATE_METHOD_MATCH = YES;
				COPY_PHASE_STRIP = NO;
				DEBUG_INFORMATION_FORMAT = "dwarf-with-dsym";
				ENABLE_NS_ASSERTIONS = NO;
				ENABLE_STRICT_OBJC_MSGSEND = YES;
				ENABLE_USER_SCRIPT_SANDBOXING = YES;
				GCC_C_LANGUAGE_STANDARD = gnu17;
				GCC_NO_COMMON_BLOCKS = YES;
				GCC_WARN_64_TO_32_BIT_CONVERSION = YES;
				GCC_WARN_ABOUT_RETURN_TYPE = YES_ERROR;
				GCC_WARN_UNDECLARED_SELECTOR = YES;
				GCC_WARN_UNINITIALIZED_AUTOS = YES_AGGRESSIVE;
				GCC_WARN_UNUSED_FUNCTION = YES;
				GCC_WARN_UNUSED_VARIABLE = YES;
				IPHONEOS_DEPLOYMENT_TARGET = 18.2;
				LOCALIZATION_PREFERS_STRING_CATALOGS = YES;
				MTL_ENABLE_DEBUG_INFO = NO;
				MTL_FAST_MATH = YES;
				SDKROOT = iphoneos;
				SWIFT_COMPILATION_MODE = wholemodule;
				VALIDATE_PRODUCT = YES;
			};
			name = Release;
		};
		D1EEC1522D6A324500EBDE33 /* Debug */ = {
			isa = XCBuildConfiguration;
			buildSettings = {
				ASSETCATALOG_COMPILER_APPICON_NAME = AppIcon;
				ASSETCATALOG_COMPILER_GLOBAL_ACCENT_COLOR_NAME = AccentColor;
				CODE_SIGN_STYLE = Automatic;
				CURRENT_PROJECT_VERSION = 1;
				DEVELOPMENT_ASSET_PATHS = "\"ThreadsApp/Preview Content\"";
				ENABLE_PREVIEWS = YES;
				GENERATE_INFOPLIST_FILE = YES;
				INFOPLIST_KEY_UIApplicationSceneManifest_Generation = YES;
				INFOPLIST_KEY_UIApplicationSupportsIndirectInputEvents = YES;
				INFOPLIST_KEY_UILaunchScreen_Generation = YES;
				INFOPLIST_KEY_UISupportedInterfaceOrientations_iPad = "UIInterfaceOrientationPortrait UIInterfaceOrientationPortraitUpsideDown UIInterfaceOrientationLandscapeLeft UIInterfaceOrientationLandscapeRight";
				INFOPLIST_KEY_UISupportedInterfaceOrientations_iPhone = "UIInterfaceOrientationPortrait UIInterfaceOrientationLandscapeLeft UIInterfaceOrientationLandscapeRight";
				LD_RUNPATH_SEARCH_PATHS = (
					"$(inherited)",
					"@executable_path/Frameworks",
				);
				MARKETING_VERSION = 1.0;
				PRODUCT_BUNDLE_IDENTIFIER = kr.co.codegrove.ThreadsApp;
				PRODUCT_NAME = "$(TARGET_NAME)";
				SWIFT_EMIT_LOC_STRINGS = YES;
				SWIFT_VERSION = 5.0;
				TARGETED_DEVICE_FAMILY = "1,2";
			};
			name = Debug;
		};
		D1EEC1532D6A324500EBDE33 /* Release */ = {
			isa = XCBuildConfiguration;
			buildSettings = {
				ASSETCATALOG_COMPILER_APPICON_NAME = AppIcon;
				ASSETCATALOG_COMPILER_GLOBAL_ACCENT_COLOR_NAME = AccentColor;
				CODE_SIGN_STYLE = Automatic;
				CURRENT_PROJECT_VERSION = 1;
				DEVELOPMENT_ASSET_PATHS = "\"ThreadsApp/Preview Content\"";
				ENABLE_PREVIEWS = YES;
				GENERATE_INFOPLIST_FILE = YES;
				INFOPLIST_KEY_UIApplicationSceneManifest_Generation = YES;
				INFOPLIST_KEY_UIApplicationSupportsIndirectInputEvents = YES;
				INFOPLIST_KEY_UILaunchScreen_Generation = YES;
				INFOPLIST_KEY_UISupportedInterfaceOrientations_iPad = "UIInterfaceOrientationPortrait UIInterfaceOrientationPortraitUpsideDown UIInterfaceOrientationLandscapeLeft UIInterfaceOrientationLandscapeRight";
				INFOPLIST_KEY_UISupportedInterfaceOrientations_iPhone = "UIInterfaceOrientationPortrait UIInterfaceOrientationLandscapeLeft UIInterfaceOrientationLandscapeRight";
				LD_RUNPATH_SEARCH_PATHS = (
					"$(inherited)",
					"@executable_path/Frameworks",
				);
				MARKETING_VERSION = 1.0;
				PRODUCT_BUNDLE_IDENTIFIER = kr.co.codegrove.ThreadsApp;
				PRODUCT_NAME = "$(TARGET_NAME)";
				SWIFT_EMIT_LOC_STRINGS = YES;
				SWIFT_VERSION = 5.0;
				TARGETED_DEVICE_FAMILY = "1,2";
			};
			name = Release;
		};
		D1EEC1552D6A324500EBDE33 /* Debug */ = {
			isa = XCBuildConfiguration;
			buildSettings = {
				BUNDLE_LOADER = "$(TEST_HOST)";
				CODE_SIGN_STYLE = Automatic;
				CURRENT_PROJECT_VERSION = 1;
				GENERATE_INFOPLIST_FILE = YES;
				IPHONEOS_DEPLOYMENT_TARGET = 18.2;
				MARKETING_VERSION = 1.0;
				PRODUCT_BUNDLE_IDENTIFIER = kr.co.codegrove.ThreadsAppTests;
				PRODUCT_NAME = "$(TARGET_NAME)";
				SWIFT_EMIT_LOC_STRINGS = NO;
				SWIFT_VERSION = 5.0;
				TARGETED_DEVICE_FAMILY = "1,2";
				TEST_HOST = "$(BUILT_PRODUCTS_DIR)/ThreadsApp.app/$(BUNDLE_EXECUTABLE_FOLDER_PATH)/ThreadsApp";
			};
			name = Debug;
		};
		D1EEC1562D6A324500EBDE33 /* Release */ = {
			isa = XCBuildConfiguration;
			buildSettings = {
				BUNDLE_LOADER = "$(TEST_HOST)";
				CODE_SIGN_STYLE = Automatic;
				CURRENT_PROJECT_VERSION = 1;
				GENERATE_INFOPLIST_FILE = YES;
				IPHONEOS_DEPLOYMENT_TARGET = 18.2;
				MARKETING_VERSION = 1.0;
				PRODUCT_BUNDLE_IDENTIFIER = kr.co.codegrove.ThreadsAppTests;
				PRODUCT_NAME = "$(TARGET_NAME)";
				SWIFT_EMIT_LOC_STRINGS = NO;
				SWIFT_VERSION = 5.0;
				TARGETED_DEVICE_FAMILY = "1,2";
				TEST_HOST = "$(BUILT_PRODUCTS_DIR)/ThreadsApp.app/$(BUNDLE_EXECUTABLE_FOLDER_PATH)/ThreadsApp";
			};
			name = Release;
		};
		D1EEC1582D6A324500EBDE33 /* Debug */ = {
			isa = XCBuildConfiguration;
			buildSettings = {
				CODE_SIGN_STYLE = Automatic;
				CURRENT_PROJECT_VERSION = 1;
				GENERATE_INFOPLIST_FILE = YES;
				MARKETING_VERSION = 1.0;
				PRODUCT_BUNDLE_IDENTIFIER = kr.co.codegrove.ThreadsAppUITests;
				PRODUCT_NAME = "$(TARGET_NAME)";
				SWIFT_EMIT_LOC_STRINGS = NO;
				SWIFT_VERSION = 5.0;
				TARGETED_DEVICE_FAMILY = "1,2";
				TEST_TARGET_NAME = ThreadsApp;
			};
			name = Debug;
		};
		D1EEC1592D6A324500EBDE33 /* Release */ = {
			isa = XCBuildConfiguration;
			buildSettings = {
				CODE_SIGN_STYLE = Automatic;
				CURRENT_PROJECT_VERSION = 1;
				GENERATE_INFOPLIST_FILE = YES;
				MARKETING_VERSION = 1.0;
				PRODUCT_BUNDLE_IDENTIFIER = kr.co.codegrove.ThreadsAppUITests;
				PRODUCT_NAME = "$(TARGET_NAME)";
				SWIFT_EMIT_LOC_STRINGS = NO;
				SWIFT_VERSION = 5.0;
				TARGETED_DEVICE_FAMILY = "1,2";
				TEST_TARGET_NAME = ThreadsApp;
			};
			name = Release;
		};
/* End XCBuildConfiguration section */

/* Begin XCConfigurationList section */
		D1EEC1282D6A324400EBDE33 /* Build configuration list for PBXProject "ThreadsApp" */ = {
			isa = XCConfigurationList;
			buildConfigurations = (
				D1EEC14F2D6A324500EBDE33 /* Debug */,
				D1EEC1502D6A324500EBDE33 /* Release */,
			);
			defaultConfigurationIsVisible = 0;
			defaultConfigurationName = Release;
		};
		D1EEC1512D6A324500EBDE33 /* Build configuration list for PBXNativeTarget "ThreadsApp" */ = {
			isa = XCConfigurationList;
			buildConfigurations = (
				D1EEC1522D6A324500EBDE33 /* Debug */,
				D1EEC1532D6A324500EBDE33 /* Release */,
			);
			defaultConfigurationIsVisible = 0;
			defaultConfigurationName = Release;
		};
		D1EEC1542D6A324500EBDE33 /* Build configuration list for PBXNativeTarget "ThreadsAppTests" */ = {
			isa = XCConfigurationList;
			buildConfigurations = (
				D1EEC1552D6A324500EBDE33 /* Debug */,
				D1EEC1562D6A324500EBDE33 /* Release */,
			);
			defaultConfigurationIsVisible = 0;
			defaultConfigurationName = Release;
		};
		D1EEC1572D6A324500EBDE33 /* Build configuration list for PBXNativeTarget "ThreadsAppUITests" */ = {
			isa = XCConfigurationList;
			buildConfigurations = (
				D1EEC1582D6A324500EBDE33 /* Debug */,
				D1EEC1592D6A324500EBDE33 /* Release */,
			);
			defaultConfigurationIsVisible = 0;
			defaultConfigurationName = Release;
		};
/* End XCConfigurationList section */

/* Begin XCRemoteSwiftPackageReference section */
		D16730F42D74C4D900F0DA94 /* XCRemoteSwiftPackageReference "firebase-ios-sdk" */ = {
			isa = XCRemoteSwiftPackageReference;
			repositoryURL = "https://github.com/firebase/firebase-ios-sdk";
			requirement = {
				kind = upToNextMajorVersion;
				minimumVersion = 11.9.0;
			};
		};
/* End XCRemoteSwiftPackageReference section */

/* Begin XCSwiftPackageProductDependency section */
		D16730F52D74C4D900F0DA94 /* FirebaseAuth */ = {
			isa = XCSwiftPackageProductDependency;
			package = D16730F42D74C4D900F0DA94 /* XCRemoteSwiftPackageReference "firebase-ios-sdk" */;
			productName = FirebaseAuth;
		};
		D16730F72D74C4D900F0DA94 /* FirebaseFirestore */ = {
			isa = XCSwiftPackageProductDependency;
			package = D16730F42D74C4D900F0DA94 /* XCRemoteSwiftPackageReference "firebase-ios-sdk" */;
			productName = FirebaseFirestore;
		};
		D16730F92D74C4D900F0DA94 /* FirebaseStorage */ = {
			isa = XCSwiftPackageProductDependency;
			package = D16730F42D74C4D900F0DA94 /* XCRemoteSwiftPackageReference "firebase-ios-sdk" */;
			productName = FirebaseStorage;
		};
/* End XCSwiftPackageProductDependency section */
	};
	rootObject = D1EEC1252D6A324400EBDE33 /* Project object */;
}
